
Microsoft Visual Studio Solution File, Format Version 12.00
# Visual Studio Version 16
VisualStudioVersion = 16.0.810.13
MinimumVisualStudioVersion = 10.0.40219.1
Project("{FAE04EC0-301F-11D3-BF4B-00C04F79EFBC}") = "actLog.Android", "actLog.Android\actLog.Android.csproj", "{16C7BE9B-FA7E-4E64-A71B-061B7329F35C}"
EndProject
Project("{FAE04EC0-301F-11D3-BF4B-00C04F79EFBC}") = "actLog.iOS", "actLog.iOS\actLog.iOS.csproj", "{C6E0997E-A53F-4147-B637-ED7C24C65D22}"
EndProject
Project("{FAE04EC0-301F-11D3-BF4B-00C04F79EFBC}") = "actLog", "actLog\actLog.csproj", "{F89D984A-6A25-44A6-8C9A-288EED34CA02}"
EndProject
Global
	GlobalSection(SolutionConfigurationPlatforms) = preSolution
		Debug|Any CPU = Debug|Any CPU
		Release|Any CPU = Release|Any CPU
		Debug|iPhoneSimulator = Debug|iPhoneSimulator
		Release|iPhoneSimulator = Release|iPhoneSimulator
		Debug|iPhone = Debug|iPhone
		Release|iPhone = Release|iPhone
	EndGlobalSection
	GlobalSection(ProjectConfigurationPlatforms) = postSolution
		{16C7BE9B-FA7E-4E64-A71B-061B7329F35C}.Debug|Any CPU.ActiveCfg = Debug|Any CPU
		{16C7BE9B-FA7E-4E64-A71B-061B7329F35C}.Debug|Any CPU.Build.0 = Debug|Any CPU
		{16C7BE9B-FA7E-4E64-A71B-061B7329F35C}.Release|Any CPU.ActiveCfg = Release|Any CPU
		{16C7BE9B-FA7E-4E64-A71B-061B7329F35C}.Release|Any CPU.Build.0 = Release|Any CPU
		{16C7BE9B-FA7E-4E64-A71B-061B7329F35C}.Debug|iPhoneSimulator.ActiveCfg = Debug|Any CPU
		{16C7BE9B-FA7E-4E64-A71B-061B7329F35C}.Debug|iPhoneSimulator.Build.0 = Debug|Any CPU
		{16C7BE9B-FA7E-4E64-A71B-061B7329F35C}.Release|iPhoneSimulator.ActiveCfg = Release|Any CPU
		{16C7BE9B-FA7E-4E64-A71B-061B7329F35C}.Release|iPhoneSimulator.Build.0 = Release|Any CPU
		{16C7BE9B-FA7E-4E64-A71B-061B7329F35C}.Debug|iPhone.ActiveCfg = Debug|Any CPU
		{16C7BE9B-FA7E-4E64-A71B-061B7329F35C}.Debug|iPhone.Build.0 = Debug|Any CPU
		{16C7BE9B-FA7E-4E64-A71B-061B7329F35C}.Release|iPhone.ActiveCfg = Release|Any CPU
		{16C7BE9B-FA7E-4E64-A71B-061B7329F35C}.Release|iPhone.Build.0 = Release|Any CPU
		{C6E0997E-A53F-4147-B637-ED7C24C65D22}.Debug|Any CPU.ActiveCfg = Debug|iPhoneSimulator
		{C6E0997E-A53F-4147-B637-ED7C24C65D22}.Debug|Any CPU.Build.0 = Debug|iPhoneSimulator
		{C6E0997E-A53F-4147-B637-ED7C24C65D22}.Release|Any CPU.ActiveCfg = Release|iPhoneSimulator
		{C6E0997E-A53F-4147-B637-ED7C24C65D22}.Release|Any CPU.Build.0 = Release|iPhoneSimulator
		{C6E0997E-A53F-4147-B637-ED7C24C65D22}.Debug|iPhoneSimulator.ActiveCfg = Debug|iPhoneSimulator
		{C6E0997E-A53F-4147-B637-ED7C24C65D22}.Debug|iPhoneSimulator.Build.0 = Debug|iPhoneSimulator
		{C6E0997E-A53F-4147-B637-ED7C24C65D22}.Release|iPhoneSimulator.ActiveCfg = Release|iPhoneSimulator
		{C6E0997E-A53F-4147-B637-ED7C24C65D22}.Release|iPhoneSimulator.Build.0 = Release|iPhoneSimulator
		{C6E0997E-A53F-4147-B637-ED7C24C65D22}.Debug|iPhone.ActiveCfg = Debug|iPhone
		{C6E0997E-A53F-4147-B637-ED7C24C65D22}.Debug|iPhone.Build.0 = Debug|iPhone
		{C6E0997E-A53F-4147-B637-ED7C24C65D22}.Release|iPhone.ActiveCfg = Release|iPhone
		{C6E0997E-A53F-4147-B637-ED7C24C65D22}.Release|iPhone.Build.0 = Release|iPhone
		{F89D984A-6A25-44A6-8C9A-288EED34CA02}.Debug|Any CPU.ActiveCfg = Debug|Any CPU
		{F89D984A-6A25-44A6-8C9A-288EED34CA02}.Debug|Any CPU.Build.0 = Debug|Any CPU
		{F89D984A-6A25-44A6-8C9A-288EED34CA02}.Release|Any CPU.ActiveCfg = Release|Any CPU
		{F89D984A-6A25-44A6-8C9A-288EED34CA02}.Release|Any CPU.Build.0 = Release|Any CPU
		{F89D984A-6A25-44A6-8C9A-288EED34CA02}.Debug|iPhoneSimulator.ActiveCfg = Debug|Any CPU
		{F89D984A-6A25-44A6-8C9A-288EED34CA02}.Debug|iPhoneSimulator.Build.0 = Debug|Any CPU
		{F89D984A-6A25-44A6-8C9A-288EED34CA02}.Release|iPhoneSimulator.ActiveCfg = Release|Any CPU
		{F89D984A-6A25-44A6-8C9A-288EED34CA02}.Release|iPhoneSimulator.Build.0 = Release|Any CPU
		{F89D984A-6A25-44A6-8C9A-288EED34CA02}.Debug|iPhone.ActiveCfg = Debug|Any CPU
		{F89D984A-6A25-44A6-8C9A-288EED34CA02}.Debug|iPhone.Build.0 = Debug|Any CPU
		{F89D984A-6A25-44A6-8C9A-288EED34CA02}.Release|iPhone.ActiveCfg = Release|Any CPU
		{F89D984A-6A25-44A6-8C9A-288EED34CA02}.Release|iPhone.Build.0 = Release|Any CPU
	EndGlobalSection
	GlobalSection(SolutionProperties) = preSolution
		HideSolutionNode = FALSE
	EndGlobalSection
	GlobalSection(ExtensibilityGlobals) = postSolution
		SolutionGuid = {C7AE6837-C3E1-479E-9E8E-037DDAC0BEC0}
	EndGlobalSection
EndGlobal
